
Microsoft Visual Studio Solution File, Format Version 12.00
# Visual Studio Version 17
VisualStudioVersion = 17.4.33213.308
MinimumVisualStudioVersion = 10.0.40219.1
Project("{FAE04EC0-301F-11D3-BF4B-00C04F79EFBC}") = "WinFormsBlazor", "WinFormsBlazor\WinFormsBlazor.csproj", "{693609EE-10E9-4D8C-A77C-0D2530DEBC7C}"
EndProject
Global
	GlobalSection(SolutionConfigurationPlatforms) = preSolution
		Debug|Any CPU = Debug|Any CPU
		Release|Any CPU = Release|Any CPU
	EndGlobalSection
	GlobalSection(ProjectConfigurationPlatforms) = postSolution
		{693609EE-10E9-4D8C-A77C-0D2530DEBC7C}.Debug|Any CPU.ActiveCfg = Debug|Any CPU
		{693609EE-10E9-4D8C-A77C-0D2530DEBC7C}.Debug|Any CPU.Build.0 = Debug|Any CPU
		{693609EE-10E9-4D8C-A77C-0D2530DEBC7C}.Release|Any CPU.ActiveCfg = Release|Any CPU
		{693609EE-10E9-4D8C-A77C-0D2530DEBC7C}.Release|Any CPU.Build.0 = Release|Any CPU
	EndGlobalSection
	GlobalSection(SolutionProperties) = preSolution
		HideSolutionNode = FALSE
	EndGlobalSection
	GlobalSection(ExtensibilityGlobals) = postSolution
		SolutionGuid = {3F070CA5-68EB-45D9-923E-0EAEEC7B48E8}
	EndGlobalSection
EndGlobal
